
Microsoft Visual Studio Solution File, Format Version 12.00
# Visual Studio Version 17
VisualStudioVersion = 17.4.33403.182
MinimumVisualStudioVersion = 10.0.40219.1
Project("{FAE04EC0-301F-11D3-BF4B-00C04F79EFBC}") = "calc__special", "calc__special\calc__special.csproj", "{0E50890A-74B8-4B79-987F-E1BBD9659D12}"
EndProject
Global
	GlobalSection(SolutionConfigurationPlatforms) = preSolution
		Debug|Any CPU = Debug|Any CPU
		Release|Any CPU = Release|Any CPU
	EndGlobalSection
	GlobalSection(ProjectConfigurationPlatforms) = postSolution
		{0E50890A-74B8-4B79-987F-E1BBD9659D12}.Debug|Any CPU.ActiveCfg = Debug|Any CPU
		{0E50890A-74B8-4B79-987F-E1BBD9659D12}.Debug|Any CPU.Build.0 = Debug|Any CPU
		{0E50890A-74B8-4B79-987F-E1BBD9659D12}.Release|Any CPU.ActiveCfg = Release|Any CPU
		{0E50890A-74B8-4B79-987F-E1BBD9659D12}.Release|Any CPU.Build.0 = Release|Any CPU
	EndGlobalSection
	GlobalSection(SolutionProperties) = preSolution
		HideSolutionNode = FALSE
	EndGlobalSection
	GlobalSection(ExtensibilityGlobals) = postSolution
		SolutionGuid = {5E244969-0E86-45C2-BD55-D721FEBE0918}
	EndGlobalSection
EndGlobal
